
Microsoft Visual Studio Solution File, Format Version 11.00
# Visual Studio 2010
Project("{FAE04EC0-301F-11D3-BF4B-00C04F79EFBC}") = "SKPHotel 2.0", "SKPHotel 2.0\SKPHotel 2.0.csproj", "{72B73A47-D6A1-494B-A27E-C015784190D9}"
EndProject
Global
	GlobalSection(SolutionConfigurationPlatforms) = preSolution
		Debug|x86 = Debug|x86
		Release|x86 = Release|x86
	EndGlobalSection
	GlobalSection(ProjectConfigurationPlatforms) = postSolution
		{72B73A47-D6A1-494B-A27E-C015784190D9}.Debug|x86.ActiveCfg = Debug|x86
		{72B73A47-D6A1-494B-A27E-C015784190D9}.Debug|x86.Build.0 = Debug|x86
		{72B73A47-D6A1-494B-A27E-C015784190D9}.Release|x86.ActiveCfg = Release|x86
		{72B73A47-D6A1-494B-A27E-C015784190D9}.Release|x86.Build.0 = Release|x86
	EndGlobalSection
	GlobalSection(SolutionProperties) = preSolution
		HideSolutionNode = FALSE
	EndGlobalSection
EndGlobal
